
Microsoft Visual Studio Solution File, Format Version 12.00
# Visual Studio Version 17
VisualStudioVersion = 17.0.31912.275
MinimumVisualStudioVersion = 10.0.40219.1
Project("{9A19103F-16F7-4668-BE54-9A1E7A4F7556}") = "SimpleDiscordBot", "SimpleDiscordBot\SimpleDiscordBot.csproj", "{8BDA19DF-E7AD-4EA2-BE1F-C5E238C895A9}"
EndProject
Project("{9A19103F-16F7-4668-BE54-9A1E7A4F7556}") = "SimpleDiscordBot.Dev", "SimpleDiscordBot.Dev\SimpleDiscordBot.Dev.csproj", "{6A19F16F-F654-4117-BC48-90B5351D4824}"
EndProject
Project("{9A19103F-16F7-4668-BE54-9A1E7A4F7556}") = "SimpleDiscordBot.Test", "SimpleDiscordBot.Test\SimpleDiscordBot.Test.csproj", "{252ED305-EC18-4343-A583-6878AAAB0703}"
EndProject
Global
	GlobalSection(SolutionConfigurationPlatforms) = preSolution
		Debug|Any CPU = Debug|Any CPU
		Release|Any CPU = Release|Any CPU
	EndGlobalSection
	GlobalSection(ProjectConfigurationPlatforms) = postSolution
		{8BDA19DF-E7AD-4EA2-BE1F-C5E238C895A9}.Debug|Any CPU.ActiveCfg = Debug|Any CPU
		{8BDA19DF-E7AD-4EA2-BE1F-C5E238C895A9}.Debug|Any CPU.Build.0 = Debug|Any CPU
		{8BDA19DF-E7AD-4EA2-BE1F-C5E238C895A9}.Release|Any CPU.ActiveCfg = Release|Any CPU
		{8BDA19DF-E7AD-4EA2-BE1F-C5E238C895A9}.Release|Any CPU.Build.0 = Release|Any CPU
		{6A19F16F-F654-4117-BC48-90B5351D4824}.Debug|Any CPU.ActiveCfg = Debug|Any CPU
		{6A19F16F-F654-4117-BC48-90B5351D4824}.Debug|Any CPU.Build.0 = Debug|Any CPU
		{6A19F16F-F654-4117-BC48-90B5351D4824}.Release|Any CPU.ActiveCfg = Release|Any CPU
		{6A19F16F-F654-4117-BC48-90B5351D4824}.Release|Any CPU.Build.0 = Release|Any CPU
		{252ED305-EC18-4343-A583-6878AAAB0703}.Debug|Any CPU.ActiveCfg = Debug|Any CPU
		{252ED305-EC18-4343-A583-6878AAAB0703}.Debug|Any CPU.Build.0 = Debug|Any CPU
		{252ED305-EC18-4343-A583-6878AAAB0703}.Release|Any CPU.ActiveCfg = Release|Any CPU
		{252ED305-EC18-4343-A583-6878AAAB0703}.Release|Any CPU.Build.0 = Release|Any CPU
	EndGlobalSection
	GlobalSection(SolutionProperties) = preSolution
		HideSolutionNode = FALSE
	EndGlobalSection
	GlobalSection(ExtensibilityGlobals) = postSolution
		SolutionGuid = {D7251688-2091-4799-86A4-FE90172B44BB}
	EndGlobalSection
EndGlobal
